
Microsoft Visual Studio Solution File, Format Version 12.00
# Visual Studio 14
VisualStudioVersion = 14.0.24720.0
MinimumVisualStudioVersion = 10.0.40219.1
Project("{2150E333-8FDC-42A3-9474-1A3956D46DE8}") = "Data", "Data", "{647DCF9F-457C-4272-B891-5E08BE28E58A}"
EndProject
Project("{FAE04EC0-301F-11D3-BF4B-00C04F79EFBC}") = "SuggestionSystem.Data.Models", "Data\SuggestionSystem.Data.Models\SuggestionSystem.Data.Models.csproj", "{268BA3EB-0F58-4574-BF0B-3340B2F8661C}"
EndProject
Project("{FAE04EC0-301F-11D3-BF4B-00C04F79EFBC}") = "SuggestionSystem.Data", "Data\SuggestionSystem.Data\SuggestionSystem.Data.csproj", "{C0360302-964F-4CD8-9C76-2C498B043AE7}"
EndProject
Project("{2150E333-8FDC-42A3-9474-1A3956D46DE8}") = "Services", "Services", "{4E9F4C67-9A3F-4ACB-AB32-14BE3B42B60D}"
EndProject
Project("{2150E333-8FDC-42A3-9474-1A3956D46DE8}") = "Web", "Web", "{31592AEE-2149-46DB-8907-A69E10A4C7BD}"
EndProject
Project("{FAE04EC0-301F-11D3-BF4B-00C04F79EFBC}") = "SuggestionSystem.Web.Api", "Web\SuggestionSystem.Web.Api\SuggestionSystem.Web.Api.csproj", "{E83A4D50-FD09-4DC5-913A-F3FAACBF4573}"
EndProject
Project("{2150E333-8FDC-42A3-9474-1A3956D46DE8}") = "Tests", "Tests", "{A73C6A64-900F-4584-A560-891A49F2F65E}"
EndProject
Project("{FAE04EC0-301F-11D3-BF4B-00C04F79EFBC}") = "SuggestionSystem.Common", "SuggestionSystem.Common\SuggestionSystem.Common.csproj", "{F72CCAE1-3953-45C5-855D-3A8DF40A5E81}"
EndProject
Project("{FAE04EC0-301F-11D3-BF4B-00C04F79EFBC}") = "SuggestionSystem.Services.Data", "Services\SuggestionSystem.Services.Data\SuggestionSystem.Services.Data.csproj", "{5732411A-2759-4B96-A39E-3B8B47317901}"
EndProject
Project("{FAE04EC0-301F-11D3-BF4B-00C04F79EFBC}") = "SuggestionSystem.Web.Api.Tests", "Tests\SuggestionSystem.Web.Api.Tests\SuggestionSystem.Web.Api.Tests.csproj", "{CC831B69-F359-4261-887E-C991F01749BF}"
EndProject
Global
	GlobalSection(SolutionConfigurationPlatforms) = preSolution
		Debug|Any CPU = Debug|Any CPU
		Release|Any CPU = Release|Any CPU
	EndGlobalSection
	GlobalSection(ProjectConfigurationPlatforms) = postSolution
		{268BA3EB-0F58-4574-BF0B-3340B2F8661C}.Debug|Any CPU.ActiveCfg = Debug|Any CPU
		{268BA3EB-0F58-4574-BF0B-3340B2F8661C}.Debug|Any CPU.Build.0 = Debug|Any CPU
		{268BA3EB-0F58-4574-BF0B-3340B2F8661C}.Release|Any CPU.ActiveCfg = Release|Any CPU
		{268BA3EB-0F58-4574-BF0B-3340B2F8661C}.Release|Any CPU.Build.0 = Release|Any CPU
		{C0360302-964F-4CD8-9C76-2C498B043AE7}.Debug|Any CPU.ActiveCfg = Debug|Any CPU
		{C0360302-964F-4CD8-9C76-2C498B043AE7}.Debug|Any CPU.Build.0 = Debug|Any CPU
		{C0360302-964F-4CD8-9C76-2C498B043AE7}.Release|Any CPU.ActiveCfg = Release|Any CPU
		{C0360302-964F-4CD8-9C76-2C498B043AE7}.Release|Any CPU.Build.0 = Release|Any CPU
		{E83A4D50-FD09-4DC5-913A-F3FAACBF4573}.Debug|Any CPU.ActiveCfg = Debug|Any CPU
		{E83A4D50-FD09-4DC5-913A-F3FAACBF4573}.Debug|Any CPU.Build.0 = Debug|Any CPU
		{E83A4D50-FD09-4DC5-913A-F3FAACBF4573}.Release|Any CPU.ActiveCfg = Release|Any CPU
		{E83A4D50-FD09-4DC5-913A-F3FAACBF4573}.Release|Any CPU.Build.0 = Release|Any CPU
		{F72CCAE1-3953-45C5-855D-3A8DF40A5E81}.Debug|Any CPU.ActiveCfg = Debug|Any CPU
		{F72CCAE1-3953-45C5-855D-3A8DF40A5E81}.Debug|Any CPU.Build.0 = Debug|Any CPU
		{F72CCAE1-3953-45C5-855D-3A8DF40A5E81}.Release|Any CPU.ActiveCfg = Release|Any CPU
		{F72CCAE1-3953-45C5-855D-3A8DF40A5E81}.Release|Any CPU.Build.0 = Release|Any CPU
		{5732411A-2759-4B96-A39E-3B8B47317901}.Debug|Any CPU.ActiveCfg = Debug|Any CPU
		{5732411A-2759-4B96-A39E-3B8B47317901}.Debug|Any CPU.Build.0 = Debug|Any CPU
		{5732411A-2759-4B96-A39E-3B8B47317901}.Release|Any CPU.ActiveCfg = Release|Any CPU
		{5732411A-2759-4B96-A39E-3B8B47317901}.Release|Any CPU.Build.0 = Release|Any CPU
		{CC831B69-F359-4261-887E-C991F01749BF}.Debug|Any CPU.ActiveCfg = Debug|Any CPU
		{CC831B69-F359-4261-887E-C991F01749BF}.Debug|Any CPU.Build.0 = Debug|Any CPU
		{CC831B69-F359-4261-887E-C991F01749BF}.Release|Any CPU.ActiveCfg = Release|Any CPU
		{CC831B69-F359-4261-887E-C991F01749BF}.Release|Any CPU.Build.0 = Release|Any CPU
	EndGlobalSection
	GlobalSection(SolutionProperties) = preSolution
		HideSolutionNode = FALSE
	EndGlobalSection
	GlobalSection(NestedProjects) = preSolution
		{268BA3EB-0F58-4574-BF0B-3340B2F8661C} = {647DCF9F-457C-4272-B891-5E08BE28E58A}
		{C0360302-964F-4CD8-9C76-2C498B043AE7} = {647DCF9F-457C-4272-B891-5E08BE28E58A}
		{E83A4D50-FD09-4DC5-913A-F3FAACBF4573} = {31592AEE-2149-46DB-8907-A69E10A4C7BD}
		{5732411A-2759-4B96-A39E-3B8B47317901} = {4E9F4C67-9A3F-4ACB-AB32-14BE3B42B60D}
		{CC831B69-F359-4261-887E-C991F01749BF} = {A73C6A64-900F-4584-A560-891A49F2F65E}
	EndGlobalSection
EndGlobal
